
Microsoft Visual Studio Solution File, Format Version 12.00
# Visual Studio Version 17
VisualStudioVersion = 17.0.31903.59
MinimumVisualStudioVersion = 10.0.40219.1
Project("{2150E333-8FDC-42A3-9474-1A3956D46DE8}") = "src", "src", "{A81CC5DC-55C0-49AD-8682-5DFE4215A2B8}"
EndProject
Project("{FAE04EC0-301F-11D3-BF4B-00C04F79EFBC}") = "LibraryAPI", "src\LibraryAPI\LibraryAPI.csproj", "{7FE515FF-0CC9-474E-BB4D-D5E2E0EE8CEA}"
EndProject
Project("{2150E333-8FDC-42A3-9474-1A3956D46DE8}") = "test", "test", "{87125343-9DC6-4CF1-881E-BEF3924BE3D9}"
EndProject
Project("{FAE04EC0-301F-11D3-BF4B-00C04F79EFBC}") = "LibraryAPI.UnitTests", "test\LibraryAPI.UnitTests\LibraryAPI.UnitTests.csproj", "{14536E56-E5BC-4CF2-B3D9-E557760858AA}"
EndProject
Project("{FAE04EC0-301F-11D3-BF4B-00C04F79EFBC}") = "LibraryAPI.IntTests", "test\LibraryAPI.IntTests\LibraryAPI.IntTests.csproj", "{09F59D88-09B8-4E14-919C-E613EF7F8598}"
EndProject
Global
	GlobalSection(SolutionConfigurationPlatforms) = preSolution
		Debug|Any CPU = Debug|Any CPU
		Release|Any CPU = Release|Any CPU
	EndGlobalSection
	GlobalSection(SolutionProperties) = preSolution
		HideSolutionNode = FALSE
	EndGlobalSection
	GlobalSection(ProjectConfigurationPlatforms) = postSolution
		{7FE515FF-0CC9-474E-BB4D-D5E2E0EE8CEA}.Debug|Any CPU.ActiveCfg = Debug|Any CPU
		{7FE515FF-0CC9-474E-BB4D-D5E2E0EE8CEA}.Debug|Any CPU.Build.0 = Debug|Any CPU
		{7FE515FF-0CC9-474E-BB4D-D5E2E0EE8CEA}.Release|Any CPU.ActiveCfg = Release|Any CPU
		{7FE515FF-0CC9-474E-BB4D-D5E2E0EE8CEA}.Release|Any CPU.Build.0 = Release|Any CPU
		{14536E56-E5BC-4CF2-B3D9-E557760858AA}.Debug|Any CPU.ActiveCfg = Debug|Any CPU
		{14536E56-E5BC-4CF2-B3D9-E557760858AA}.Debug|Any CPU.Build.0 = Debug|Any CPU
		{14536E56-E5BC-4CF2-B3D9-E557760858AA}.Release|Any CPU.ActiveCfg = Release|Any CPU
		{14536E56-E5BC-4CF2-B3D9-E557760858AA}.Release|Any CPU.Build.0 = Release|Any CPU
		{09F59D88-09B8-4E14-919C-E613EF7F8598}.Debug|Any CPU.ActiveCfg = Debug|Any CPU
		{09F59D88-09B8-4E14-919C-E613EF7F8598}.Debug|Any CPU.Build.0 = Debug|Any CPU
		{09F59D88-09B8-4E14-919C-E613EF7F8598}.Release|Any CPU.ActiveCfg = Release|Any CPU
		{09F59D88-09B8-4E14-919C-E613EF7F8598}.Release|Any CPU.Build.0 = Release|Any CPU
	EndGlobalSection
	GlobalSection(NestedProjects) = preSolution
		{7FE515FF-0CC9-474E-BB4D-D5E2E0EE8CEA} = {A81CC5DC-55C0-49AD-8682-5DFE4215A2B8}
		{14536E56-E5BC-4CF2-B3D9-E557760858AA} = {87125343-9DC6-4CF1-881E-BEF3924BE3D9}
		{09F59D88-09B8-4E14-919C-E613EF7F8598} = {87125343-9DC6-4CF1-881E-BEF3924BE3D9}
	EndGlobalSection
EndGlobal
